
Microsoft Visual Studio Solution File, Format Version 12.00
# Visual Studio 15
VisualStudioVersion = 15.0.28307.852
MinimumVisualStudioVersion = 10.0.40219.1
Project("{FAE04EC0-301F-11D3-BF4B-00C04F79EFBC}") = "EmailApi", "EmailApi\EmailApi.csproj", "{733C9320-73DA-400A-896C-42260AAB95F6}"
EndProject
Project("{FAE04EC0-301F-11D3-BF4B-00C04F79EFBC}") = "DotnetMailer", "DotnetMailer\DotnetMailer.csproj", "{38E06854-A4F5-44CE-BD2C-CE975475F2D3}"
EndProject
Global
	GlobalSection(SolutionConfigurationPlatforms) = preSolution
		Debug|Any CPU = Debug|Any CPU
		Release|Any CPU = Release|Any CPU
	EndGlobalSection
	GlobalSection(ProjectConfigurationPlatforms) = postSolution
		{733C9320-73DA-400A-896C-42260AAB95F6}.Debug|Any CPU.ActiveCfg = Debug|Any CPU
		{733C9320-73DA-400A-896C-42260AAB95F6}.Debug|Any CPU.Build.0 = Debug|Any CPU
		{733C9320-73DA-400A-896C-42260AAB95F6}.Release|Any CPU.ActiveCfg = Release|Any CPU
		{733C9320-73DA-400A-896C-42260AAB95F6}.Release|Any CPU.Build.0 = Release|Any CPU
		{38E06854-A4F5-44CE-BD2C-CE975475F2D3}.Debug|Any CPU.ActiveCfg = Debug|Any CPU
		{38E06854-A4F5-44CE-BD2C-CE975475F2D3}.Debug|Any CPU.Build.0 = Debug|Any CPU
		{38E06854-A4F5-44CE-BD2C-CE975475F2D3}.Release|Any CPU.ActiveCfg = Release|Any CPU
		{38E06854-A4F5-44CE-BD2C-CE975475F2D3}.Release|Any CPU.Build.0 = Release|Any CPU
	EndGlobalSection
	GlobalSection(SolutionProperties) = preSolution
		HideSolutionNode = FALSE
	EndGlobalSection
	GlobalSection(ExtensibilityGlobals) = postSolution
		SolutionGuid = {70D7A535-D85D-4A10-A044-9A78DD045FD3}
	EndGlobalSection
EndGlobal
